
Microsoft Visual Studio Solution File, Format Version 12.00
# Visual Studio Version 16
VisualStudioVersion = 16.0.29326.143
MinimumVisualStudioVersion = 10.0.40219.1
Project("{9A19103F-16F7-4668-BE54-9A1E7A4F7556}") = "Modulo1", "Modulo1\Modulo1.csproj", "{EFFF7CD1-3699-46A3-98C4-E9C726831745}"
EndProject
Project("{9A19103F-16F7-4668-BE54-9A1E7A4F7556}") = "Modulo2", "modulo2\Modulo2.csproj", "{26D6C202-2C1F-4E9B-8854-03AA2A3A6EE0}"
EndProject
Project("{9A19103F-16F7-4668-BE54-9A1E7A4F7556}") = "Desafio02", "Desafio02\Desafio02.csproj", "{97FEDD0F-D67A-49BD-BDEC-2A609A335C28}"
EndProject
Project("{9A19103F-16F7-4668-BE54-9A1E7A4F7556}") = "Desafio01", "Desafio01\Desafio01.csproj", "{2C93A47D-16FD-4C3F-B760-16ADFA12D869}"
EndProject
Project("{9A19103F-16F7-4668-BE54-9A1E7A4F7556}") = "Modulo3", "Modulo3\Modulo3.csproj", "{9F840930-7740-404D-ACB4-1374C67EB598}"
EndProject
Project("{FAE04EC0-301F-11D3-BF4B-00C04F79EFBC}") = "Desafio03", "Desafio03\Desafio03.csproj", "{BA6B8994-9EC7-4B1D-8279-58C9FB455ADB}"
EndProject
Global
	GlobalSection(SolutionConfigurationPlatforms) = preSolution
		Debug|Any CPU = Debug|Any CPU
		Release|Any CPU = Release|Any CPU
	EndGlobalSection
	GlobalSection(ProjectConfigurationPlatforms) = postSolution
		{EFFF7CD1-3699-46A3-98C4-E9C726831745}.Debug|Any CPU.ActiveCfg = Debug|Any CPU
		{EFFF7CD1-3699-46A3-98C4-E9C726831745}.Debug|Any CPU.Build.0 = Debug|Any CPU
		{EFFF7CD1-3699-46A3-98C4-E9C726831745}.Release|Any CPU.ActiveCfg = Release|Any CPU
		{EFFF7CD1-3699-46A3-98C4-E9C726831745}.Release|Any CPU.Build.0 = Release|Any CPU
		{26D6C202-2C1F-4E9B-8854-03AA2A3A6EE0}.Debug|Any CPU.ActiveCfg = Debug|Any CPU
		{26D6C202-2C1F-4E9B-8854-03AA2A3A6EE0}.Debug|Any CPU.Build.0 = Debug|Any CPU
		{26D6C202-2C1F-4E9B-8854-03AA2A3A6EE0}.Release|Any CPU.ActiveCfg = Release|Any CPU
		{26D6C202-2C1F-4E9B-8854-03AA2A3A6EE0}.Release|Any CPU.Build.0 = Release|Any CPU
		{97FEDD0F-D67A-49BD-BDEC-2A609A335C28}.Debug|Any CPU.ActiveCfg = Debug|Any CPU
		{97FEDD0F-D67A-49BD-BDEC-2A609A335C28}.Debug|Any CPU.Build.0 = Debug|Any CPU
		{97FEDD0F-D67A-49BD-BDEC-2A609A335C28}.Release|Any CPU.ActiveCfg = Release|Any CPU
		{97FEDD0F-D67A-49BD-BDEC-2A609A335C28}.Release|Any CPU.Build.0 = Release|Any CPU
		{2C93A47D-16FD-4C3F-B760-16ADFA12D869}.Debug|Any CPU.ActiveCfg = Debug|Any CPU
		{2C93A47D-16FD-4C3F-B760-16ADFA12D869}.Debug|Any CPU.Build.0 = Debug|Any CPU
		{2C93A47D-16FD-4C3F-B760-16ADFA12D869}.Release|Any CPU.ActiveCfg = Release|Any CPU
		{2C93A47D-16FD-4C3F-B760-16ADFA12D869}.Release|Any CPU.Build.0 = Release|Any CPU
		{9F840930-7740-404D-ACB4-1374C67EB598}.Debug|Any CPU.ActiveCfg = Debug|Any CPU
		{9F840930-7740-404D-ACB4-1374C67EB598}.Debug|Any CPU.Build.0 = Debug|Any CPU
		{9F840930-7740-404D-ACB4-1374C67EB598}.Release|Any CPU.ActiveCfg = Release|Any CPU
		{9F840930-7740-404D-ACB4-1374C67EB598}.Release|Any CPU.Build.0 = Release|Any CPU
		{BA6B8994-9EC7-4B1D-8279-58C9FB455ADB}.Debug|Any CPU.ActiveCfg = Debug|Any CPU
		{BA6B8994-9EC7-4B1D-8279-58C9FB455ADB}.Debug|Any CPU.Build.0 = Debug|Any CPU
		{BA6B8994-9EC7-4B1D-8279-58C9FB455ADB}.Release|Any CPU.ActiveCfg = Release|Any CPU
		{BA6B8994-9EC7-4B1D-8279-58C9FB455ADB}.Release|Any CPU.Build.0 = Release|Any CPU
	EndGlobalSection
	GlobalSection(SolutionProperties) = preSolution
		HideSolutionNode = FALSE
	EndGlobalSection
	GlobalSection(ExtensibilityGlobals) = postSolution
		SolutionGuid = {489F5EE2-160C-4EE1-AB36-595A294B3A46}
	EndGlobalSection
EndGlobal
